
Microsoft Visual Studio Solution File, Format Version 12.00
# Visual Studio Version 17
VisualStudioVersion = 17.8.34525.116
MinimumVisualStudioVersion = 10.0.40219.1
Project("{FAE04EC0-301F-11D3-BF4B-00C04F79EFBC}") = "PresentationWPF", "PresentationWPF\PresentationWPF.csproj", "{BB0E984A-F49C-4F3F-B637-F0A73AA3ED4A}"
EndProject
Global
	GlobalSection(SolutionConfigurationPlatforms) = preSolution
		Debug|Any CPU = Debug|Any CPU
		Release|Any CPU = Release|Any CPU
	EndGlobalSection
	GlobalSection(ProjectConfigurationPlatforms) = postSolution
		{BB0E984A-F49C-4F3F-B637-F0A73AA3ED4A}.Debug|Any CPU.ActiveCfg = Debug|Any CPU
		{BB0E984A-F49C-4F3F-B637-F0A73AA3ED4A}.Debug|Any CPU.Build.0 = Debug|Any CPU
		{BB0E984A-F49C-4F3F-B637-F0A73AA3ED4A}.Release|Any CPU.ActiveCfg = Release|Any CPU
		{BB0E984A-F49C-4F3F-B637-F0A73AA3ED4A}.Release|Any CPU.Build.0 = Release|Any CPU
	EndGlobalSection
	GlobalSection(SolutionProperties) = preSolution
		HideSolutionNode = FALSE
	EndGlobalSection
	GlobalSection(ExtensibilityGlobals) = postSolution
		SolutionGuid = {69D2A6E9-906F-4661-8EB3-3AAC4E80F4A5}
	EndGlobalSection
EndGlobal
